
Microsoft Visual Studio Solution File, Format Version 12.00
# Visual Studio Version 16
VisualStudioVersion = 16.0.31321.278
MinimumVisualStudioVersion = 10.0.40219.1
Project("{8BC9CEB8-8B4A-11D0-8D11-00A0C91BC942}") = "trinagle", "trinagle.vcxproj", "{2FAEF154-D10B-41FD-8D13-EC539E590097}"
EndProject
Project("{8BC9CEB8-8B4A-11D0-8D11-00A0C91BC942}") = "trinagle_tests", "..\trinagle_tests\trinagle_tests.vcxproj", "{1603740E-42E4-400D-BA5D-749E9A1F4B10}"
EndProject
Global
	GlobalSection(SolutionConfigurationPlatforms) = preSolution
		Debug|x64 = Debug|x64
		Debug|x86 = Debug|x86
		Release|x64 = Release|x64
		Release|x86 = Release|x86
	EndGlobalSection
	GlobalSection(ProjectConfigurationPlatforms) = postSolution
		{2FAEF154-D10B-41FD-8D13-EC539E590097}.Debug|x64.ActiveCfg = Debug|x64
		{2FAEF154-D10B-41FD-8D13-EC539E590097}.Debug|x64.Build.0 = Debug|x64
		{2FAEF154-D10B-41FD-8D13-EC539E590097}.Debug|x86.ActiveCfg = Debug|Win32
		{2FAEF154-D10B-41FD-8D13-EC539E590097}.Debug|x86.Build.0 = Debug|Win32
		{2FAEF154-D10B-41FD-8D13-EC539E590097}.Release|x64.ActiveCfg = Release|x64
		{2FAEF154-D10B-41FD-8D13-EC539E590097}.Release|x64.Build.0 = Release|x64
		{2FAEF154-D10B-41FD-8D13-EC539E590097}.Release|x86.ActiveCfg = Release|Win32
		{2FAEF154-D10B-41FD-8D13-EC539E590097}.Release|x86.Build.0 = Release|Win32
		{1603740E-42E4-400D-BA5D-749E9A1F4B10}.Debug|x64.ActiveCfg = Debug|x64
		{1603740E-42E4-400D-BA5D-749E9A1F4B10}.Debug|x64.Build.0 = Debug|x64
		{1603740E-42E4-400D-BA5D-749E9A1F4B10}.Debug|x86.ActiveCfg = Debug|Win32
		{1603740E-42E4-400D-BA5D-749E9A1F4B10}.Debug|x86.Build.0 = Debug|Win32
		{1603740E-42E4-400D-BA5D-749E9A1F4B10}.Release|x64.ActiveCfg = Release|x64
		{1603740E-42E4-400D-BA5D-749E9A1F4B10}.Release|x64.Build.0 = Release|x64
		{1603740E-42E4-400D-BA5D-749E9A1F4B10}.Release|x86.ActiveCfg = Release|Win32
		{1603740E-42E4-400D-BA5D-749E9A1F4B10}.Release|x86.Build.0 = Release|Win32
	EndGlobalSection
	GlobalSection(SolutionProperties) = preSolution
		HideSolutionNode = FALSE
	EndGlobalSection
	GlobalSection(ExtensibilityGlobals) = postSolution
		SolutionGuid = {1CD806B2-4276-460F-AA72-DE88B8904D1A}
	EndGlobalSection
EndGlobal
